
Microsoft Visual Studio Solution File, Format Version 12.00
# Visual Studio Version 16
VisualStudioVersion = 16.0.30011.22
MinimumVisualStudioVersion = 10.0.40219.1
Project("{9A19103F-16F7-4668-BE54-9A1E7A4F7556}") = "InfoTextSMSDashboard.BLL", "InfoTextSMSDashboard.BLL.csproj", "{03EE2602-C73A-42D1-BED7-24B33513E5F4}"
EndProject
Project("{FAE04EC0-301F-11D3-BF4B-00C04F79EFBC}") = "InfoTextSMSDashboard.Api", "..\InfoTextSMSDashboard.Api\InfoTextSMSDashboard.Api.csproj", "{8FEC36AA-CE9E-41C7-A3E0-FA0650A6DC96}"
EndProject
Global
	GlobalSection(SolutionConfigurationPlatforms) = preSolution
		Debug|Any CPU = Debug|Any CPU
		Release|Any CPU = Release|Any CPU
	EndGlobalSection
	GlobalSection(ProjectConfigurationPlatforms) = postSolution
		{03EE2602-C73A-42D1-BED7-24B33513E5F4}.Debug|Any CPU.ActiveCfg = Debug|Any CPU
		{03EE2602-C73A-42D1-BED7-24B33513E5F4}.Debug|Any CPU.Build.0 = Debug|Any CPU
		{03EE2602-C73A-42D1-BED7-24B33513E5F4}.Release|Any CPU.ActiveCfg = Release|Any CPU
		{03EE2602-C73A-42D1-BED7-24B33513E5F4}.Release|Any CPU.Build.0 = Release|Any CPU
		{8FEC36AA-CE9E-41C7-A3E0-FA0650A6DC96}.Debug|Any CPU.ActiveCfg = Debug|Any CPU
		{8FEC36AA-CE9E-41C7-A3E0-FA0650A6DC96}.Debug|Any CPU.Build.0 = Debug|Any CPU
		{8FEC36AA-CE9E-41C7-A3E0-FA0650A6DC96}.Release|Any CPU.ActiveCfg = Release|Any CPU
		{8FEC36AA-CE9E-41C7-A3E0-FA0650A6DC96}.Release|Any CPU.Build.0 = Release|Any CPU
	EndGlobalSection
	GlobalSection(SolutionProperties) = preSolution
		HideSolutionNode = FALSE
	EndGlobalSection
	GlobalSection(ExtensibilityGlobals) = postSolution
		SolutionGuid = {09F85DE0-643C-46F7-8608-5B1E426A3976}
	EndGlobalSection
EndGlobal
